
Microsoft Visual Studio Solution File, Format Version 12.00
# Visual Studio Version 17
VisualStudioVersion = 17.4.33103.184
MinimumVisualStudioVersion = 10.0.40219.1
Project("{FAE04EC0-301F-11D3-BF4B-00C04F79EFBC}") = "CSharp Practice 2", "CSharp Practice 2\CSharp Practice 2.csproj", "{70B88BD6-E802-4CEB-877A-AE244101964C}"
EndProject
Global
	GlobalSection(SolutionConfigurationPlatforms) = preSolution
		Debug|Any CPU = Debug|Any CPU
		Release|Any CPU = Release|Any CPU
	EndGlobalSection
	GlobalSection(ProjectConfigurationPlatforms) = postSolution
		{70B88BD6-E802-4CEB-877A-AE244101964C}.Debug|Any CPU.ActiveCfg = Debug|Any CPU
		{70B88BD6-E802-4CEB-877A-AE244101964C}.Debug|Any CPU.Build.0 = Debug|Any CPU
		{70B88BD6-E802-4CEB-877A-AE244101964C}.Release|Any CPU.ActiveCfg = Release|Any CPU
		{70B88BD6-E802-4CEB-877A-AE244101964C}.Release|Any CPU.Build.0 = Release|Any CPU
	EndGlobalSection
	GlobalSection(SolutionProperties) = preSolution
		HideSolutionNode = FALSE
	EndGlobalSection
	GlobalSection(ExtensibilityGlobals) = postSolution
		SolutionGuid = {67C13607-5BE8-4241-972C-6713C8DEF814}
	EndGlobalSection
EndGlobal
